
Microsoft Visual Studio Solution File, Format Version 12.00
# Visual Studio Version 17
VisualStudioVersion = 17.0.31903.59
MinimumVisualStudioVersion = 10.0.40219.1
Project("{FAE04EC0-301F-11D3-BF4B-00C04F79EFBC}") = "BookTracker.Api", "BookTracker.Api\BookTracker.Api.csproj", "{7C0CE605-E1E9-4597-860E-9049355C9F02}"
EndProject
Project("{FAE04EC0-301F-11D3-BF4B-00C04F79EFBC}") = "BookTracker.Api.Tests", "BookTracker.Api.Tests\BookTracker.Api.Tests.csproj", "{01ACB3BC-4588-42D3-B0ED-49D3A9DD912B}"
EndProject
Project("{FAE04EC0-301F-11D3-BF4B-00C04F79EFBC}") = "BookTracker.Api.IntegrationTests", "BookTracker.Api.IntegrationTests\BookTracker.Api.IntegrationTests.csproj", "{1AD06E61-DDAA-4DC9-A38C-AF2904AB5A4C}"
EndProject
Project("{FAE04EC0-301F-11D3-BF4B-00C04F79EFBC}") = "BookTracker.Blazor", "BookTracker.Blazor\BookTracker.Blazor.csproj", "{72D94C60-1CC8-40DC-950F-61206BBC7DBA}"
EndProject
Project("{FAE04EC0-301F-11D3-BF4B-00C04F79EFBC}") = "BookTracker.Blazor.Tests", "BookTracker.Blazor.Tests\BookTracker.Blazor.Tests.csproj", "{626B8E8B-79F0-4617-8814-1D5B24B0E763}"
EndProject
Global
	GlobalSection(SolutionConfigurationPlatforms) = preSolution
		Debug|Any CPU = Debug|Any CPU
		Debug|x64 = Debug|x64
		Debug|x86 = Debug|x86
		Release|Any CPU = Release|Any CPU
		Release|x64 = Release|x64
		Release|x86 = Release|x86
	EndGlobalSection
	GlobalSection(ProjectConfigurationPlatforms) = postSolution
		{7C0CE605-E1E9-4597-860E-9049355C9F02}.Debug|Any CPU.ActiveCfg = Debug|Any CPU
		{7C0CE605-E1E9-4597-860E-9049355C9F02}.Debug|Any CPU.Build.0 = Debug|Any CPU
		{7C0CE605-E1E9-4597-860E-9049355C9F02}.Debug|x64.ActiveCfg = Debug|Any CPU
		{7C0CE605-E1E9-4597-860E-9049355C9F02}.Debug|x64.Build.0 = Debug|Any CPU
		{7C0CE605-E1E9-4597-860E-9049355C9F02}.Debug|x86.ActiveCfg = Debug|Any CPU
		{7C0CE605-E1E9-4597-860E-9049355C9F02}.Debug|x86.Build.0 = Debug|Any CPU
		{7C0CE605-E1E9-4597-860E-9049355C9F02}.Release|Any CPU.ActiveCfg = Release|Any CPU
		{7C0CE605-E1E9-4597-860E-9049355C9F02}.Release|Any CPU.Build.0 = Release|Any CPU
		{7C0CE605-E1E9-4597-860E-9049355C9F02}.Release|x64.ActiveCfg = Release|Any CPU
		{7C0CE605-E1E9-4597-860E-9049355C9F02}.Release|x64.Build.0 = Release|Any CPU
		{7C0CE605-E1E9-4597-860E-9049355C9F02}.Release|x86.ActiveCfg = Release|Any CPU
		{7C0CE605-E1E9-4597-860E-9049355C9F02}.Release|x86.Build.0 = Release|Any CPU
		{01ACB3BC-4588-42D3-B0ED-49D3A9DD912B}.Debug|Any CPU.ActiveCfg = Debug|Any CPU
		{01ACB3BC-4588-42D3-B0ED-49D3A9DD912B}.Debug|Any CPU.Build.0 = Debug|Any CPU
		{01ACB3BC-4588-42D3-B0ED-49D3A9DD912B}.Debug|x64.ActiveCfg = Debug|Any CPU
		{01ACB3BC-4588-42D3-B0ED-49D3A9DD912B}.Debug|x64.Build.0 = Debug|Any CPU
		{01ACB3BC-4588-42D3-B0ED-49D3A9DD912B}.Debug|x86.ActiveCfg = Debug|Any CPU
		{01ACB3BC-4588-42D3-B0ED-49D3A9DD912B}.Debug|x86.Build.0 = Debug|Any CPU
		{01ACB3BC-4588-42D3-B0ED-49D3A9DD912B}.Release|Any CPU.ActiveCfg = Release|Any CPU
		{01ACB3BC-4588-42D3-B0ED-49D3A9DD912B}.Release|Any CPU.Build.0 = Release|Any CPU
		{01ACB3BC-4588-42D3-B0ED-49D3A9DD912B}.Release|x64.ActiveCfg = Release|Any CPU
		{01ACB3BC-4588-42D3-B0ED-49D3A9DD912B}.Release|x64.Build.0 = Release|Any CPU
		{01ACB3BC-4588-42D3-B0ED-49D3A9DD912B}.Release|x86.ActiveCfg = Release|Any CPU
		{01ACB3BC-4588-42D3-B0ED-49D3A9DD912B}.Release|x86.Build.0 = Release|Any CPU
		{1AD06E61-DDAA-4DC9-A38C-AF2904AB5A4C}.Debug|Any CPU.ActiveCfg = Debug|Any CPU
		{1AD06E61-DDAA-4DC9-A38C-AF2904AB5A4C}.Debug|Any CPU.Build.0 = Debug|Any CPU
		{1AD06E61-DDAA-4DC9-A38C-AF2904AB5A4C}.Debug|x64.ActiveCfg = Debug|Any CPU
		{1AD06E61-DDAA-4DC9-A38C-AF2904AB5A4C}.Debug|x64.Build.0 = Debug|Any CPU
		{1AD06E61-DDAA-4DC9-A38C-AF2904AB5A4C}.Debug|x86.ActiveCfg = Debug|Any CPU
		{1AD06E61-DDAA-4DC9-A38C-AF2904AB5A4C}.Debug|x86.Build.0 = Debug|Any CPU
		{1AD06E61-DDAA-4DC9-A38C-AF2904AB5A4C}.Release|Any CPU.ActiveCfg = Release|Any CPU
		{1AD06E61-DDAA-4DC9-A38C-AF2904AB5A4C}.Release|Any CPU.Build.0 = Release|Any CPU
		{1AD06E61-DDAA-4DC9-A38C-AF2904AB5A4C}.Release|x64.ActiveCfg = Release|Any CPU
		{1AD06E61-DDAA-4DC9-A38C-AF2904AB5A4C}.Release|x64.Build.0 = Release|Any CPU
		{1AD06E61-DDAA-4DC9-A38C-AF2904AB5A4C}.Release|x86.ActiveCfg = Release|Any CPU
		{1AD06E61-DDAA-4DC9-A38C-AF2904AB5A4C}.Release|x86.Build.0 = Release|Any CPU
		{72D94C60-1CC8-40DC-950F-61206BBC7DBA}.Debug|Any CPU.ActiveCfg = Debug|Any CPU
		{72D94C60-1CC8-40DC-950F-61206BBC7DBA}.Debug|Any CPU.Build.0 = Debug|Any CPU
		{72D94C60-1CC8-40DC-950F-61206BBC7DBA}.Debug|x64.ActiveCfg = Debug|Any CPU
		{72D94C60-1CC8-40DC-950F-61206BBC7DBA}.Debug|x64.Build.0 = Debug|Any CPU
		{72D94C60-1CC8-40DC-950F-61206BBC7DBA}.Debug|x86.ActiveCfg = Debug|Any CPU
		{72D94C60-1CC8-40DC-950F-61206BBC7DBA}.Debug|x86.Build.0 = Debug|Any CPU
		{72D94C60-1CC8-40DC-950F-61206BBC7DBA}.Release|Any CPU.ActiveCfg = Release|Any CPU
		{72D94C60-1CC8-40DC-950F-61206BBC7DBA}.Release|Any CPU.Build.0 = Release|Any CPU
		{72D94C60-1CC8-40DC-950F-61206BBC7DBA}.Release|x64.ActiveCfg = Release|Any CPU
		{72D94C60-1CC8-40DC-950F-61206BBC7DBA}.Release|x64.Build.0 = Release|Any CPU
		{72D94C60-1CC8-40DC-950F-61206BBC7DBA}.Release|x86.ActiveCfg = Release|Any CPU
		{72D94C60-1CC8-40DC-950F-61206BBC7DBA}.Release|x86.Build.0 = Release|Any CPU
		{626B8E8B-79F0-4617-8814-1D5B24B0E763}.Debug|Any CPU.ActiveCfg = Debug|Any CPU
		{626B8E8B-79F0-4617-8814-1D5B24B0E763}.Debug|Any CPU.Build.0 = Debug|Any CPU
		{626B8E8B-79F0-4617-8814-1D5B24B0E763}.Debug|x64.ActiveCfg = Debug|Any CPU
		{626B8E8B-79F0-4617-8814-1D5B24B0E763}.Debug|x64.Build.0 = Debug|Any CPU
		{626B8E8B-79F0-4617-8814-1D5B24B0E763}.Debug|x86.ActiveCfg = Debug|Any CPU
		{626B8E8B-79F0-4617-8814-1D5B24B0E763}.Debug|x86.Build.0 = Debug|Any CPU
		{626B8E8B-79F0-4617-8814-1D5B24B0E763}.Release|Any CPU.ActiveCfg = Release|Any CPU
		{626B8E8B-79F0-4617-8814-1D5B24B0E763}.Release|Any CPU.Build.0 = Release|Any CPU
		{626B8E8B-79F0-4617-8814-1D5B24B0E763}.Release|x64.ActiveCfg = Release|Any CPU
		{626B8E8B-79F0-4617-8814-1D5B24B0E763}.Release|x64.Build.0 = Release|Any CPU
		{626B8E8B-79F0-4617-8814-1D5B24B0E763}.Release|x86.ActiveCfg = Release|Any CPU
		{626B8E8B-79F0-4617-8814-1D5B24B0E763}.Release|x86.Build.0 = Release|Any CPU
	EndGlobalSection
	GlobalSection(SolutionProperties) = preSolution
		HideSolutionNode = FALSE
	EndGlobalSection
EndGlobal
